{
  "name": "@flurrux/math-layout",
  "version": "1.0.0",
  "lockfileVersion": 1,
  "requires": true,
  "dependencies": {
    "@polymer/font-roboto": {
      "version": "3.0.2",
      "resolved": "http://localhost:4873/@polymer%2ffont-roboto/-/font-roboto-3.0.2.tgz",
      "integrity": "sha512-tx5TauYSmzsIvmSqepUPDYbs4/Ejz2XbZ1IkD7JEGqkdNUJlh+9KU85G56Tfdk/xjEZ8zorFfN09OSwiMrIQWA==",
      "dev": true
    },
    "@polymer/iron-a11y-announcer": {
      "version": "3.0.2",
      "resolved": "http://localhost:4873/@polymer%2firon-a11y-announcer/-/iron-a11y-announcer-3.0.2.tgz",
      "integrity": "sha512-LqnMF39mXyxSSRbTHRzGbcJS8nU0NVTo2raBOgOlpxw5yfGJUVcwaTJ/qy5NtWCZLRfa4suycf0oAkuUjHTXHQ==",
      "dev": true,
      "requires": {
        "@polymer/polymer": "^3.0.0"
      }
    },
    "@polymer/iron-a11y-keys-behavior": {
      "version": "3.0.1",
      "resolved": "http://localhost:4873/@polymer%2firon-a11y-keys-behavior/-/iron-a11y-keys-behavior-3.0.1.tgz",
      "integrity": "sha512-lnrjKq3ysbBPT/74l0Fj0U9H9C35Tpw2C/tpJ8a+5g8Y3YJs1WSZYnEl1yOkw6sEyaxOq/1DkzH0+60gGu5/PQ==",
      "dev": true,
      "requires": {
        "@polymer/polymer": "^3.0.0"
      }
    },
    "@polymer/iron-autogrow-textarea": {
      "version": "3.0.1",
      "resolved": "http://localhost:4873/@polymer%2firon-autogrow-textarea/-/iron-autogrow-textarea-3.0.1.tgz",
      "integrity": "sha512-FgSL7APrOSL9Vu812sBCFlQ17hvnJsBAV2C2e1UAiaHhB+dyfLq8gGdGUpqVWuGJ50q4Y/49QwCNnLf85AdVYA==",
      "dev": true,
      "requires": {
        "@polymer/iron-behaviors": "^3.0.0-pre.26",
        "@polymer/iron-flex-layout": "^3.0.0-pre.26",
        "@polymer/iron-validatable-behavior": "^3.0.0-pre.26",
        "@polymer/polymer": "^3.0.0"
      }
    },
    "@polymer/iron-behaviors": {
      "version": "3.0.1",
      "resolved": "http://localhost:4873/@polymer%2firon-behaviors/-/iron-behaviors-3.0.1.tgz",
      "integrity": "sha512-IMEwcv1lhf1HSQxuyWOUIL0lOBwmeaoSTpgCJeP9IBYnuB1SPQngmfRuHKgK6/m9LQ9F9miC7p3HeQQUdKAE0w==",
      "dev": true,
      "requires": {
        "@polymer/iron-a11y-keys-behavior": "^3.0.0-pre.26",
        "@polymer/polymer": "^3.0.0"
      }
    },
    "@polymer/iron-checked-element-behavior": {
      "version": "3.0.1",
      "resolved": "http://localhost:4873/@polymer%2firon-checked-element-behavior/-/iron-checked-element-behavior-3.0.1.tgz",
      "integrity": "sha512-aDr0cbCNVq49q+pOqa6CZutFh+wWpwPMLpEth9swx+GkAj+gCURhuQkaUYhIo5f2egDbEioR1aeHMnPlU9dQZA==",
      "dev": true,
      "requires": {
        "@polymer/iron-form-element-behavior": "^3.0.0-pre.26",
        "@polymer/iron-validatable-behavior": "^3.0.0-pre.26",
        "@polymer/polymer": "^3.0.0"
      }
    },
    "@polymer/iron-flex-layout": {
      "version": "3.0.1",
      "resolved": "http://localhost:4873/@polymer%2firon-flex-layout/-/iron-flex-layout-3.0.1.tgz",
      "integrity": "sha512-7gB869czArF+HZcPTVSgvA7tXYFze9EKckvM95NB7SqYF+NnsQyhoXgKnpFwGyo95lUjUW9TFDLUwDXnCYFtkw==",
      "dev": true,
      "requires": {
        "@polymer/polymer": "^3.0.0"
      }
    },
    "@polymer/iron-form-element-behavior": {
      "version": "3.0.1",
      "resolved": "http://localhost:4873/@polymer%2firon-form-element-behavior/-/iron-form-element-behavior-3.0.1.tgz",
      "integrity": "sha512-G/e2KXyL5AY7mMjmomHkGpgS0uAf4ovNpKhkuUTRnMuMJuf589bKqE85KN4ovE1Tzhv2hJoh/igyD6ekHiYU1A==",
      "dev": true,
      "requires": {
        "@polymer/polymer": "^3.0.0"
      }
    },
    "@polymer/iron-input": {
      "version": "3.0.1",
      "resolved": "http://localhost:4873/@polymer%2firon-input/-/iron-input-3.0.1.tgz",
      "integrity": "sha512-WLx13kEcbH9GKbj9+pWR6pbJkA5kxn3796ynx6eQd2rueMyUfVTR3GzOvadBKsciUuIuzrxpBWZ2+3UcueVUQQ==",
      "dev": true,
      "requires": {
        "@polymer/iron-a11y-announcer": "^3.0.0-pre.26",
        "@polymer/iron-validatable-behavior": "^3.0.0-pre.26",
        "@polymer/polymer": "^3.0.0"
      }
    },
    "@polymer/iron-meta": {
      "version": "3.0.1",
      "resolved": "http://localhost:4873/@polymer%2firon-meta/-/iron-meta-3.0.1.tgz",
      "integrity": "sha512-pWguPugiLYmWFV9UWxLWzZ6gm4wBwQdDy4VULKwdHCqR7OP7u98h+XDdGZsSlDPv6qoryV/e3tGHlTIT0mbzJA==",
      "dev": true,
      "requires": {
        "@polymer/polymer": "^3.0.0"
      }
    },
    "@polymer/iron-range-behavior": {
      "version": "3.0.1",
      "resolved": "http://localhost:4873/@polymer%2firon-range-behavior/-/iron-range-behavior-3.0.1.tgz",
      "integrity": "sha512-+jtL9v45M/T1RJleWyQaNH84S9/mIIR+AjNbYIttbKGp1eG+98j8MDWe7LXNtg79V2LQnE/+VS82cBeELyGVeg==",
      "dev": true,
      "requires": {
        "@polymer/polymer": "^3.0.0"
      }
    },
    "@polymer/iron-validatable-behavior": {
      "version": "3.0.1",
      "resolved": "http://localhost:4873/@polymer%2firon-validatable-behavior/-/iron-validatable-behavior-3.0.1.tgz",
      "integrity": "sha512-wwpYh6wOa4fNI+jH5EYKC7TVPYQ2OfgQqocWat7GsNWcsblKYhLYbwsvEY5nO0n2xKqNfZzDLrUom5INJN7msQ==",
      "dev": true,
      "requires": {
        "@polymer/iron-meta": "^3.0.0-pre.26",
        "@polymer/polymer": "^3.0.0"
      }
    },
    "@polymer/paper-behaviors": {
      "version": "3.0.1",
      "resolved": "http://localhost:4873/@polymer%2fpaper-behaviors/-/paper-behaviors-3.0.1.tgz",
      "integrity": "sha512-6knhj69fPJejv8qR0kCSUY+Q0XjaUf0OSnkjRjmTJPAwSrRYtgqE+l6P1FfA+py1X/cUjgne9EF5rMZAKJIg1g==",
      "dev": true,
      "requires": {
        "@polymer/iron-behaviors": "^3.0.0-pre.26",
        "@polymer/iron-checked-element-behavior": "^3.0.0-pre.26",
        "@polymer/paper-ripple": "^3.0.0-pre.26",
        "@polymer/polymer": "^3.0.0"
      }
    },
    "@polymer/paper-input": {
      "version": "3.0.2",
      "resolved": "http://localhost:4873/@polymer%2fpaper-input/-/paper-input-3.0.2.tgz",
      "integrity": "sha512-EoyJLsUCo7zLQp63jG7+qbRcN7ynT0p9MktDeH+dnl29UqFD4Ovj2/O5cSgq3lA3dYrei4vHF11Qmdmk7iab7Q==",
      "dev": true,
      "requires": {
        "@polymer/iron-a11y-keys-behavior": "^3.0.0-pre.26",
        "@polymer/iron-autogrow-textarea": "^3.0.0-pre.26",
        "@polymer/iron-behaviors": "^3.0.0-pre.26",
        "@polymer/iron-form-element-behavior": "^3.0.0-pre.26",
        "@polymer/iron-input": "^3.0.0-pre.26",
        "@polymer/paper-styles": "^3.0.0-pre.26",
        "@polymer/polymer": "^3.0.0"
      }
    },
    "@polymer/paper-progress": {
      "version": "3.0.1",
      "resolved": "http://localhost:4873/@polymer%2fpaper-progress/-/paper-progress-3.0.1.tgz",
      "integrity": "sha512-5nguG+tmnyoaWKVNG8Smtno2uLSPBgEsT3f20JY8yJTjUBYWaqa8E3l5RLkTRXgA4x9OnvLb8/CdlQWXQIogBg==",
      "dev": true,
      "requires": {
        "@polymer/iron-flex-layout": "^3.0.0-pre.26",
        "@polymer/iron-range-behavior": "^3.0.0-pre.26",
        "@polymer/paper-styles": "^3.0.0-pre.26",
        "@polymer/polymer": "^3.0.0"
      }
    },
    "@polymer/paper-ripple": {
      "version": "3.0.1",
      "resolved": "http://localhost:4873/@polymer%2fpaper-ripple/-/paper-ripple-3.0.1.tgz",
      "integrity": "sha512-dgOe12GyCF1VZBLUQqnzGWlf3xb255FajNCVB1VFj/AtskYtoamnafa7m3a+1vs+C8qbg4Benn5KwgxVDSW4cg==",
      "dev": true,
      "requires": {
        "@polymer/iron-a11y-keys-behavior": "^3.0.0-pre.26",
        "@polymer/polymer": "^3.0.0"
      }
    },
    "@polymer/paper-slider": {
      "version": "3.0.1",
      "resolved": "http://localhost:4873/@polymer%2fpaper-slider/-/paper-slider-3.0.1.tgz",
      "integrity": "sha512-TNA8nEQci1fe3vTQQaFwkPj9p9yTLSr9Mhe8xQSTHpFNKun1rsp91LlKJmiKJDO7xU9RGZmA2mRlQwaj6kgR3g==",
      "dev": true,
      "requires": {
        "@polymer/iron-a11y-keys-behavior": "^3.0.0-pre.26",
        "@polymer/iron-behaviors": "^3.0.0-pre.26",
        "@polymer/iron-flex-layout": "^3.0.0-pre.26",
        "@polymer/iron-form-element-behavior": "^3.0.0-pre.26",
        "@polymer/paper-behaviors": "^3.0.0-pre.27",
        "@polymer/paper-input": "^3.0.0-pre.26",
        "@polymer/paper-progress": "^3.0.0-pre.26",
        "@polymer/paper-styles": "^3.0.0-pre.26",
        "@polymer/polymer": "^3.0.0"
      }
    },
    "@polymer/paper-styles": {
      "version": "3.0.1",
      "resolved": "http://localhost:4873/@polymer%2fpaper-styles/-/paper-styles-3.0.1.tgz",
      "integrity": "sha512-y6hmObLqlCx602TQiSBKHqjwkE7xmDiFkoxdYGaNjtv4xcysOTdVJsDR/R9UHwIaxJ7gHlthMSykir1nv78++g==",
      "dev": true,
      "requires": {
        "@polymer/font-roboto": "^3.0.1",
        "@polymer/iron-flex-layout": "^3.0.0-pre.26",
        "@polymer/polymer": "^3.0.0"
      }
    },
    "@polymer/polymer": {
      "version": "3.3.0",
      "resolved": "http://localhost:4873/@polymer%2fpolymer/-/polymer-3.3.0.tgz",
      "integrity": "sha512-rij7suomS7DxdBamnwr/Xa0V5hpypf7I9oYKseF2FWz5Xh2a3wJNpVjgJy1adXVCxqIyPhghsrthnfCt7EblsQ==",
      "dev": true,
      "requires": {
        "@webcomponents/shadycss": "^1.9.1"
      }
    },
    "@webcomponents/shadycss": {
      "version": "1.9.2",
      "resolved": "http://localhost:4873/@webcomponents%2fshadycss/-/shadycss-1.9.2.tgz",
      "integrity": "sha512-GsD7RpDVrVdgC6e+D8zQia8RGNmEGQ9/qotnVPQYPrIXhGS5xSt6ZED9YmuHz3HbLqY+E54tE1EK3tjLzSCGrw==",
      "dev": true
    },
    "lit-element": {
      "version": "2.2.1",
      "resolved": "http://localhost:4873/lit-element/-/lit-element-2.2.1.tgz",
      "integrity": "sha512-ipDcgQ1EpW6Va2Z6dWm79jYdimVepO5GL0eYkZrFvdr0OD/1N260Q9DH+K5HXHFrRoC7dOg+ZpED2XE0TgGdXw==",
      "dev": true,
      "requires": {
        "lit-html": "^1.0.0"
      }
    },
    "lit-html": {
      "version": "1.1.2",
      "resolved": "http://localhost:4873/lit-html/-/lit-html-1.1.2.tgz",
      "integrity": "sha512-FFlUMKHKi+qG1x1iHNZ1hrtc/zHmfYTyrSvs3/wBTvaNtpZjOZGWzU7efGYVpgp6KvWeKF6ql9/KsCq6Z/mEDA==",
      "dev": true
    },
    "opentype.js": {
      "version": "1.1.0",
      "resolved": "http://localhost:4873/opentype.js/-/opentype.js-1.1.0.tgz",
      "integrity": "sha512-SZimNGuUYrsGPk/nNCaytsrCWDbG+YB+G9Mzc6BM5XiIsIQpkhZa1QvSmNa+eN9xr1n+kBnBJih5YLVBviaJQg==",
      "requires": {
        "string.prototype.codepointat": "^0.2.1",
        "tiny-inflate": "^1.0.2"
      }
    },
    "ramda": {
      "version": "0.26.1",
      "resolved": "http://localhost:4873/ramda/-/ramda-0.26.1.tgz",
      "integrity": "sha512-hLWjpy7EnsDBb0p+Z3B7rPi3GDeRG5ZtiI33kJhTt+ORCd38AbAIjB/9zRIUoeTbE/AVX5ZkU7m6bznsvrf8eQ=="
    },
    "string.prototype.codepointat": {
      "version": "0.2.1",
      "resolved": "http://localhost:4873/string.prototype.codepointat/-/string.prototype.codepointat-0.2.1.tgz",
      "integrity": "sha512-2cBVCj6I4IOvEnjgO/hWqXjqBGsY+zwPmHl12Srk9IXSZ56Jwwmy+66XO5Iut/oQVR7t5ihYdLB0GMa4alEUcg=="
    },
    "tiny-inflate": {
      "version": "1.0.2",
      "resolved": "http://localhost:4873/tiny-inflate/-/tiny-inflate-1.0.2.tgz",
      "integrity": "sha1-k9nez/yIBb1X6uQxDwt0Xptvs6c="
    }
  }
}
